
Microsoft Visual Studio Solution File, Format Version 12.00
# Visual Studio 15
VisualStudioVersion = 15.0.27703.2042
MinimumVisualStudioVersion = 10.0.40219.1
Project("{9A19103F-16F7-4668-BE54-9A1E7A4F7556}") = "ObjectsComparator", "ObjectComparator\ObjectsComparator.csproj", "{BBDC40C9-3B7F-4050-9890-CA9467CA8CD3}"
EndProject
Project("{9A19103F-16F7-4668-BE54-9A1E7A4F7556}") = "ObjectsComparator.Tests", "ObjectComparator.Tests\ObjectsComparator.Tests.csproj", "{C66FFD06-744E-4B44-8B50-97722268EDC0}"
EndProject
Global
	GlobalSection(SolutionConfigurationPlatforms) = preSolution
		Debug|Any CPU = Debug|Any CPU
		Release|Any CPU = Release|Any CPU
	EndGlobalSection
	GlobalSection(ProjectConfigurationPlatforms) = postSolution
		{BBDC40C9-3B7F-4050-9890-CA9467CA8CD3}.Debug|Any CPU.ActiveCfg = Debug|Any CPU
		{BBDC40C9-3B7F-4050-9890-CA9467CA8CD3}.Debug|Any CPU.Build.0 = Debug|Any CPU
		{BBDC40C9-3B7F-4050-9890-CA9467CA8CD3}.Release|Any CPU.ActiveCfg = Release|Any CPU
		{BBDC40C9-3B7F-4050-9890-CA9467CA8CD3}.Release|Any CPU.Build.0 = Release|Any CPU
		{C66FFD06-744E-4B44-8B50-97722268EDC0}.Debug|Any CPU.ActiveCfg = Debug|Any CPU
		{C66FFD06-744E-4B44-8B50-97722268EDC0}.Debug|Any CPU.Build.0 = Debug|Any CPU
		{C66FFD06-744E-4B44-8B50-97722268EDC0}.Release|Any CPU.ActiveCfg = Release|Any CPU
		{C66FFD06-744E-4B44-8B50-97722268EDC0}.Release|Any CPU.Build.0 = Release|Any CPU
	EndGlobalSection
	GlobalSection(SolutionProperties) = preSolution
		HideSolutionNode = FALSE
	EndGlobalSection
	GlobalSection(ExtensibilityGlobals) = postSolution
		SolutionGuid = {9A0552D7-F52E-464E-9420-9D52A79EA86B}
	EndGlobalSection
EndGlobal
