
Microsoft Visual Studio Solution File, Format Version 12.00
# Visual Studio Version 16
VisualStudioVersion = 16.0.30320.27
MinimumVisualStudioVersion = 10.0.40219.1
Project("{9A19103F-16F7-4668-BE54-9A1E7A4F7556}") = "ObjectsComparator", "ObjectComparator\ObjectsComparator.csproj", "{BBDC40C9-3B7F-4050-9890-CA9467CA8CD3}"
EndProject
Project("{9A19103F-16F7-4668-BE54-9A1E7A4F7556}") = "ObjectsComparator.Tests", "ObjectComparator.Tests\ObjectsComparator.Tests.csproj", "{C66FFD06-744E-4B44-8B50-97722268EDC0}"
EndProject
Project("{9A19103F-16F7-4668-BE54-9A1E7A4F7556}") = "PerformanceTests", "PerformanceTests\PerformanceTests.csproj", "{235D3728-BCA6-4A1D-A549-8610FE32E5D7}"
EndProject
Project("{2150E333-8FDC-42A3-9474-1A3956D46DE8}") = "Solution Items", "Solution Items", "{C10F9493-6FA4-4F1F-8C8B-493E8BC0CC18}"
	ProjectSection(SolutionItems) = preProject
		.editorconfig = .editorconfig
	EndProjectSection
EndProject
Global
	GlobalSection(SolutionConfigurationPlatforms) = preSolution
		Debug|Any CPU = Debug|Any CPU
		Release|Any CPU = Release|Any CPU
	EndGlobalSection
	GlobalSection(ProjectConfigurationPlatforms) = postSolution
		{BBDC40C9-3B7F-4050-9890-CA9467CA8CD3}.Debug|Any CPU.ActiveCfg = Debug|Any CPU
		{BBDC40C9-3B7F-4050-9890-CA9467CA8CD3}.Debug|Any CPU.Build.0 = Debug|Any CPU
		{BBDC40C9-3B7F-4050-9890-CA9467CA8CD3}.Release|Any CPU.ActiveCfg = Release|Any CPU
		{BBDC40C9-3B7F-4050-9890-CA9467CA8CD3}.Release|Any CPU.Build.0 = Release|Any CPU
		{C66FFD06-744E-4B44-8B50-97722268EDC0}.Debug|Any CPU.ActiveCfg = Debug|Any CPU
		{C66FFD06-744E-4B44-8B50-97722268EDC0}.Debug|Any CPU.Build.0 = Debug|Any CPU
		{C66FFD06-744E-4B44-8B50-97722268EDC0}.Release|Any CPU.ActiveCfg = Release|Any CPU
		{C66FFD06-744E-4B44-8B50-97722268EDC0}.Release|Any CPU.Build.0 = Release|Any CPU
		{235D3728-BCA6-4A1D-A549-8610FE32E5D7}.Debug|Any CPU.ActiveCfg = Debug|Any CPU
		{235D3728-BCA6-4A1D-A549-8610FE32E5D7}.Debug|Any CPU.Build.0 = Debug|Any CPU
		{235D3728-BCA6-4A1D-A549-8610FE32E5D7}.Release|Any CPU.ActiveCfg = Release|Any CPU
		{235D3728-BCA6-4A1D-A549-8610FE32E5D7}.Release|Any CPU.Build.0 = Release|Any CPU
	EndGlobalSection
	GlobalSection(SolutionProperties) = preSolution
		HideSolutionNode = FALSE
	EndGlobalSection
	GlobalSection(ExtensibilityGlobals) = postSolution
		SolutionGuid = {9A0552D7-F52E-464E-9420-9D52A79EA86B}
	EndGlobalSection
EndGlobal
